
Microsoft Visual Studio Solution File, Format Version 12.00
# Visual Studio Version 16
VisualStudioVersion = 16.0.29102.190
MinimumVisualStudioVersion = 10.0.40219.1
Project("{FAE04EC0-301F-11D3-BF4B-00C04F79EFBC}") = "WebApplication", "WebApplication\WebApplication.csproj", "{2F8CE33E-FE66-41ED-BC0A-583768D70FC6}"
EndProject
Project("{00D1A9C2-B5F0-4AF3-8072-F6C62B433612}") = "WebAppDB", "WebAppDB\WebAppDB.sqlproj", "{D5481523-0CE9-4686-A77D-BDC69EF70C07}"
EndProject
Global
	GlobalSection(SolutionConfigurationPlatforms) = preSolution
		Debug|Any CPU = Debug|Any CPU
		Release|Any CPU = Release|Any CPU
	EndGlobalSection
	GlobalSection(ProjectConfigurationPlatforms) = postSolution
		{2F8CE33E-FE66-41ED-BC0A-583768D70FC6}.Debug|Any CPU.ActiveCfg = Debug|Any CPU
		{2F8CE33E-FE66-41ED-BC0A-583768D70FC6}.Debug|Any CPU.Build.0 = Debug|Any CPU
		{2F8CE33E-FE66-41ED-BC0A-583768D70FC6}.Release|Any CPU.ActiveCfg = Release|Any CPU
		{2F8CE33E-FE66-41ED-BC0A-583768D70FC6}.Release|Any CPU.Build.0 = Release|Any CPU
		{D5481523-0CE9-4686-A77D-BDC69EF70C07}.Debug|Any CPU.ActiveCfg = Debug|Any CPU
		{D5481523-0CE9-4686-A77D-BDC69EF70C07}.Debug|Any CPU.Build.0 = Debug|Any CPU
		{D5481523-0CE9-4686-A77D-BDC69EF70C07}.Debug|Any CPU.Deploy.0 = Debug|Any CPU
		{D5481523-0CE9-4686-A77D-BDC69EF70C07}.Release|Any CPU.ActiveCfg = Release|Any CPU
		{D5481523-0CE9-4686-A77D-BDC69EF70C07}.Release|Any CPU.Build.0 = Release|Any CPU
		{D5481523-0CE9-4686-A77D-BDC69EF70C07}.Release|Any CPU.Deploy.0 = Release|Any CPU
	EndGlobalSection
	GlobalSection(SolutionProperties) = preSolution
		HideSolutionNode = FALSE
	EndGlobalSection
	GlobalSection(ExtensibilityGlobals) = postSolution
		SolutionGuid = {7CDC7357-65A3-49B7-9107-542293E92E3A}
	EndGlobalSection
EndGlobal
